// !$*UTF8*$!
{
	archiveVersion = 1;
	classes = {
	};
	objectVersion = 46;
	objects = {

/* Begin PBXBuildFile section */
		7B573EF81C31F2C00032880D /* AppDelegate.swift in Sources */ = {isa = PBXBuildFile; fileRef = 7B573EF71C31F2C00032880D /* AppDelegate.swift */; };
		7B573EFF1C31F2C00032880D /* Main.storyboard in Resources */ = {isa = PBXBuildFile; fileRef = 7B573EFD1C31F2C00032880D /* Main.storyboard */; };
		7B573F041C31F2C00032880D /* LaunchScreen.storyboard in Resources */ = {isa = PBXBuildFile; fileRef = 7B573F021C31F2C00032880D /* LaunchScreen.storyboard */; };
		7B573F0F1C31F2C00032880D /* H1_BTests.swift in Sources */ = {isa = PBXBuildFile; fileRef = 7B573F0E1C31F2C00032880D /* H1_BTests.swift */; };
		7B573F1A1C31F2C00032880D /* H1_BUITests.swift in Sources */ = {isa = PBXBuildFile; fileRef = 7B573F191C31F2C00032880D /* H1_BUITests.swift */; };
		7B573F281C31F64E0032880D /* BookmarkViewController.swift in Sources */ = {isa = PBXBuildFile; fileRef = 7B573F271C31F64E0032880D /* BookmarkViewController.swift */; };
		7B573F2C1C320CDF0032880D /* SearchViewController.swift in Sources */ = {isa = PBXBuildFile; fileRef = 7B573F2B1C320CDF0032880D /* SearchViewController.swift */; };
		7B5EB0861C336F47005CEA40 /* Assets.xcassets in Resources */ = {isa = PBXBuildFile; fileRef = 7B5EB0851C336F47005CEA40 /* Assets.xcassets */; };
		7B7EB9BF1C353FCC00B43492 /* Utils.swift in Sources */ = {isa = PBXBuildFile; fileRef = 7B7EB9BE1C353FCC00B43492 /* Utils.swift */; };
		7B7EB9C11C3540EC00B43492 /* RecordsViewController.swift in Sources */ = {isa = PBXBuildFile; fileRef = 7B7EB9C01C3540EC00B43492 /* RecordsViewController.swift */; };
		7BB856281C346B1B00ED4BC6 /* EmployerListViewController.swift in Sources */ = {isa = PBXBuildFile; fileRef = 7BB856271C346B1B00ED4BC6 /* EmployerListViewController.swift */; };
		7BB8562A1C346C8300ED4BC6 /* EmployerDetailViewController.swift in Sources */ = {isa = PBXBuildFile; fileRef = 7BB856291C346C8300ED4BC6 /* EmployerDetailViewController.swift */; };
		7BFC684A1C3544D900DFAC36 /* HistoryViewController.swift in Sources */ = {isa = PBXBuildFile; fileRef = 7BFC68491C3544D900DFAC36 /* HistoryViewController.swift */; };
		7BFC684C1C354A9B00DFAC36 /* AboutViewController.swift in Sources */ = {isa = PBXBuildFile; fileRef = 7BFC684B1C354A9B00DFAC36 /* AboutViewController.swift */; };
/* End PBXBuildFile section */

/* Begin PBXContainerItemProxy section */
		7B573F0B1C31F2C00032880D /* PBXContainerItemProxy */ = {
			isa = PBXContainerItemProxy;
			containerPortal = 7B573EEC1C31F2C00032880D /* Project object */;
			proxyType = 1;
			remoteGlobalIDString = 7B573EF31C31F2C00032880D;
			remoteInfo = "H1-B";
		};
		7B573F161C31F2C00032880D /* PBXContainerItemProxy */ = {
			isa = PBXContainerItemProxy;
			containerPortal = 7B573EEC1C31F2C00032880D /* Project object */;
			proxyType = 1;
			remoteGlobalIDString = 7B573EF31C31F2C00032880D;
			remoteInfo = "H1-B";
		};
/* End PBXContainerItemProxy section */

/* Begin PBXFileReference section */
		7B573EF41C31F2C00032880D /* H1-B.app */ = {isa = PBXFileReference; explicitFileType = wrapper.application; includeInIndex = 0; path = "H1-B.app"; sourceTree = BUILT_PRODUCTS_DIR; };
		7B573EF71C31F2C00032880D /* AppDelegate.swift */ = {isa = PBXFileReference; lastKnownFileType = sourcecode.swift; path = AppDelegate.swift; sourceTree = "<group>"; };
		7B573EFE1C31F2C00032880D /* Base */ = {isa = PBXFileReference; lastKnownFileType = file.storyboard; name = Base; path = Base.lproj/Main.storyboard; sourceTree = "<group>"; };
		7B573F031C31F2C00032880D /* Base */ = {isa = PBXFileReference; lastKnownFileType = file.storyboard; name = Base; path = Base.lproj/LaunchScreen.storyboard; sourceTree = "<group>"; };
		7B573F051C31F2C00032880D /* Info.plist */ = {isa = PBXFileReference; lastKnownFileType = text.plist.xml; path = Info.plist; sourceTree = "<group>"; };
		7B573F0A1C31F2C00032880D /* H1-BTests.xctest */ = {isa = PBXFileReference; explicitFileType = wrapper.cfbundle; includeInIndex = 0; path = "H1-BTests.xctest"; sourceTree = BUILT_PRODUCTS_DIR; };
		7B573F0E1C31F2C00032880D /* H1_BTests.swift */ = {isa = PBXFileReference; lastKnownFileType = sourcecode.swift; path = H1_BTests.swift; sourceTree = "<group>"; };
		7B573F101C31F2C00032880D /* Info.plist */ = {isa = PBXFileReference; lastKnownFileType = text.plist.xml; path = Info.plist; sourceTree = "<group>"; };
		7B573F151C31F2C00032880D /* H1-BUITests.xctest */ = {isa = PBXFileReference; explicitFileType = wrapper.cfbundle; includeInIndex = 0; path = "H1-BUITests.xctest"; sourceTree = BUILT_PRODUCTS_DIR; };
		7B573F191C31F2C00032880D /* H1_BUITests.swift */ = {isa = PBXFileReference; lastKnownFileType = sourcecode.swift; path = H1_BUITests.swift; sourceTree = "<group>"; };
		7B573F1B1C31F2C00032880D /* Info.plist */ = {isa = PBXFileReference; lastKnownFileType = text.plist.xml; path = Info.plist; sourceTree = "<group>"; };
		7B573F271C31F64E0032880D /* BookmarkViewController.swift */ = {isa = PBXFileReference; fileEncoding = 4; lastKnownFileType = sourcecode.swift; path = BookmarkViewController.swift; sourceTree = "<group>"; };
		7B573F2B1C320CDF0032880D /* SearchViewController.swift */ = {isa = PBXFileReference; fileEncoding = 4; lastKnownFileType = sourcecode.swift; path = SearchViewController.swift; sourceTree = "<group>"; };
		7B5EB0851C336F47005CEA40 /* Assets.xcassets */ = {isa = PBXFileReference; lastKnownFileType = folder.assetcatalog; path = Assets.xcassets; sourceTree = "<group>"; };
		7B7EB9BE1C353FCC00B43492 /* Utils.swift */ = {isa = PBXFileReference; fileEncoding = 4; lastKnownFileType = sourcecode.swift; path = Utils.swift; sourceTree = "<group>"; };
		7B7EB9C01C3540EC00B43492 /* RecordsViewController.swift */ = {isa = PBXFileReference; fileEncoding = 4; lastKnownFileType = sourcecode.swift; path = RecordsViewController.swift; sourceTree = "<group>"; };
		7BB856271C346B1B00ED4BC6 /* EmployerListViewController.swift */ = {isa = PBXFileReference; fileEncoding = 4; lastKnownFileType = sourcecode.swift; path = EmployerListViewController.swift; sourceTree = "<group>"; };
		7BB856291C346C8300ED4BC6 /* EmployerDetailViewController.swift */ = {isa = PBXFileReference; fileEncoding = 4; lastKnownFileType = sourcecode.swift; path = EmployerDetailViewController.swift; sourceTree = "<group>"; };
		7BFC68491C3544D900DFAC36 /* HistoryViewController.swift */ = {isa = PBXFileReference; fileEncoding = 4; lastKnownFileType = sourcecode.swift; path = HistoryViewController.swift; sourceTree = "<group>"; };
		7BFC684B1C354A9B00DFAC36 /* AboutViewController.swift */ = {isa = PBXFileReference; fileEncoding = 4; lastKnownFileType = sourcecode.swift; path = AboutViewController.swift; sourceTree = "<group>"; };
/* End PBXFileReference section */

/* Begin PBXFrameworksBuildPhase section */
		7B573EF11C31F2C00032880D /* Frameworks */ = {
			isa = PBXFrameworksBuildPhase;
			buildActionMask = 2147483647;
			files = (
			);
			runOnlyForDeploymentPostprocessing = 0;
		};
		7B573F071C31F2C00032880D /* Frameworks */ = {
			isa = PBXFrameworksBuildPhase;
			buildActionMask = 2147483647;
			files = (
			);
			runOnlyForDeploymentPostprocessing = 0;
		};
		7B573F121C31F2C00032880D /* Frameworks */ = {
			isa = PBXFrameworksBuildPhase;
			buildActionMask = 2147483647;
			files = (
			);
			runOnlyForDeploymentPostprocessing = 0;
		};
/* End PBXFrameworksBuildPhase section */

/* Begin PBXGroup section */
		7B573EEB1C31F2C00032880D = {
			isa = PBXGroup;
			children = (
				7B573EF61C31F2C00032880D /* H1-B */,
				7B573F0D1C31F2C00032880D /* H1-BTests */,
				7B573F181C31F2C00032880D /* H1-BUITests */,
				7B573EF51C31F2C00032880D /* Products */,
			);
			sourceTree = "<group>";
		};
		7B573EF51C31F2C00032880D /* Products */ = {
			isa = PBXGroup;
			children = (
				7B573EF41C31F2C00032880D /* H1-B.app */,
				7B573F0A1C31F2C00032880D /* H1-BTests.xctest */,
				7B573F151C31F2C00032880D /* H1-BUITests.xctest */,
			);
			name = Products;
			sourceTree = "<group>";
		};
		7B573EF61C31F2C00032880D /* H1-B */ = {
			isa = PBXGroup;
			children = (
				7B573EF71C31F2C00032880D /* AppDelegate.swift */,
				7B573F2B1C320CDF0032880D /* SearchViewController.swift */,
				7BFC68491C3544D900DFAC36 /* HistoryViewController.swift */,
				7B573F271C31F64E0032880D /* BookmarkViewController.swift */,
				7BFC684B1C354A9B00DFAC36 /* AboutViewController.swift */,
				7B7EB9C01C3540EC00B43492 /* RecordsViewController.swift */,
				7BB856271C346B1B00ED4BC6 /* EmployerListViewController.swift */,
				7BB856291C346C8300ED4BC6 /* EmployerDetailViewController.swift */,
				7B5EB0821C333250005CEA40 /* Utils */,
				7B573EFD1C31F2C00032880D /* Main.storyboard */,
				7B5EB0851C336F47005CEA40 /* Assets.xcassets */,
				7B573F021C31F2C00032880D /* LaunchScreen.storyboard */,
				7B573F051C31F2C00032880D /* Info.plist */,
			);
			path = "H1-B";
			sourceTree = "<group>";
		};
		7B573F0D1C31F2C00032880D /* H1-BTests */ = {
			isa = PBXGroup;
			children = (
				7B573F0E1C31F2C00032880D /* H1_BTests.swift */,
				7B573F101C31F2C00032880D /* Info.plist */,
			);
			path = "H1-BTests";
			sourceTree = "<group>";
		};
		7B573F181C31F2C00032880D /* H1-BUITests */ = {
			isa = PBXGroup;
			children = (
				7B573F191C31F2C00032880D /* H1_BUITests.swift */,
				7B573F1B1C31F2C00032880D /* Info.plist */,
			);
			path = "H1-BUITests";
			sourceTree = "<group>";
		};
		7B5EB0821C333250005CEA40 /* Utils */ = {
			isa = PBXGroup;
			children = (
				7B7EB9BE1C353FCC00B43492 /* Utils.swift */,
			);
			name = Utils;
			sourceTree = "<group>";
		};
/* End PBXGroup section */

/* Begin PBXNativeTarget section */
		7B573EF31C31F2C00032880D /* H1-B */ = {
			isa = PBXNativeTarget;
			buildConfigurationList = 7B573F1E1C31F2C00032880D /* Build configuration list for PBXNativeTarget "H1-B" */;
			buildPhases = (
				7B573EF01C31F2C00032880D /* Sources */,
				7B573EF11C31F2C00032880D /* Frameworks */,
				7B573EF21C31F2C00032880D /* Resources */,
			);
			buildRules = (
			);
			dependencies = (
			);
			name = "H1-B";
			productName = "H1-B";
			productReference = 7B573EF41C31F2C00032880D /* H1-B.app */;
			productType = "com.apple.product-type.application";
		};
		7B573F091C31F2C00032880D /* H1-BTests */ = {
			isa = PBXNativeTarget;
			buildConfigurationList = 7B573F211C31F2C00032880D /* Build configuration list for PBXNativeTarget "H1-BTests" */;
			buildPhases = (
				7B573F061C31F2C00032880D /* Sources */,
				7B573F071C31F2C00032880D /* Frameworks */,
				7B573F081C31F2C00032880D /* Resources */,
			);
			buildRules = (
			);
			dependencies = (
				7B573F0C1C31F2C00032880D /* PBXTargetDependency */,
			);
			name = "H1-BTests";
			productName = "H1-BTests";
			productReference = 7B573F0A1C31F2C00032880D /* H1-BTests.xctest */;
			productType = "com.apple.product-type.bundle.unit-test";
		};
		7B573F141C31F2C00032880D /* H1-BUITests */ = {
			isa = PBXNativeTarget;
			buildConfigurationList = 7B573F241C31F2C00032880D /* Build configuration list for PBXNativeTarget "H1-BUITests" */;
			buildPhases = (
				7B573F111C31F2C00032880D /* Sources */,
				7B573F121C31F2C00032880D /* Frameworks */,
				7B573F131C31F2C00032880D /* Resources */,
			);
			buildRules = (
			);
			dependencies = (
				7B573F171C31F2C00032880D /* PBXTargetDependency */,
			);
			name = "H1-BUITests";
			productName = "H1-BUITests";
			productReference = 7B573F151C31F2C00032880D /* H1-BUITests.xctest */;
			productType = "com.apple.product-type.bundle.ui-testing";
		};
/* End PBXNativeTarget section */

/* Begin PBXProject section */
		7B573EEC1C31F2C00032880D /* Project object */ = {
			isa = PBXProject;
			attributes = {
				LastSwiftUpdateCheck = 0720;
				LastUpgradeCheck = 0720;
				ORGANIZATIONNAME = "Bond Wong";
				TargetAttributes = {
					7B573EF31C31F2C00032880D = {
						CreatedOnToolsVersion = 7.2;
					};
					7B573F091C31F2C00032880D = {
						CreatedOnToolsVersion = 7.2;
						TestTargetID = 7B573EF31C31F2C00032880D;
					};
					7B573F141C31F2C00032880D = {
						CreatedOnToolsVersion = 7.2;
						TestTargetID = 7B573EF31C31F2C00032880D;
					};
				};
			};
			buildConfigurationList = 7B573EEF1C31F2C00032880D /* Build configuration list for PBXProject "H1-B" */;
			compatibilityVersion = "Xcode 3.2";
			developmentRegion = English;
			hasScannedForEncodings = 0;
			knownRegions = (
				en,
				Base,
			);
			mainGroup = 7B573EEB1C31F2C00032880D;
			productRefGroup = 7B573EF51C31F2C00032880D /* Products */;
			projectDirPath = "";
			projectRoot = "";
			targets = (
				7B573EF31C31F2C00032880D /* H1-B */,
				7B573F091C31F2C00032880D /* H1-BTests */,
				7B573F141C31F2C00032880D /* H1-BUITests */,
			);
		};
/* End PBXProject section */

/* Begin PBXResourcesBuildPhase section */
		7B573EF21C31F2C00032880D /* Resources */ = {
			isa = PBXResourcesBuildPhase;
			buildActionMask = 2147483647;
			files = (
				7B573F041C31F2C00032880D /* LaunchScreen.storyboard in Resources */,
				7B5EB0861C336F47005CEA40 /* Assets.xcassets in Resources */,
				7B573EFF1C31F2C00032880D /* Main.storyboard in Resources */,
			);
			runOnlyForDeploymentPostprocessing = 0;
		};
		7B573F081C31F2C00032880D /* Resources */ = {
			isa = PBXResourcesBuildPhase;
			buildActionMask = 2147483647;
			files = (
			);
			runOnlyForDeploymentPostprocessing = 0;
		};
		7B573F131C31F2C00032880D /* Resources */ = {
			isa = PBXResourcesBuildPhase;
			buildActionMask = 2147483647;
			files = (
			);
			runOnlyForDeploymentPostprocessing = 0;
		};
/* End PBXResourcesBuildPhase section */

/* Begin PBXSourcesBuildPhase section */
		7B573EF01C31F2C00032880D /* Sources */ = {
			isa = PBXSourcesBuildPhase;
			buildActionMask = 2147483647;
			files = (
				7B573F2C1C320CDF0032880D /* SearchViewController.swift in Sources */,
				7B573F281C31F64E0032880D /* BookmarkViewController.swift in Sources */,
				7B7EB9BF1C353FCC00B43492 /* Utils.swift in Sources */,
				7BFC684C1C354A9B00DFAC36 /* AboutViewController.swift in Sources */,
				7BB8562A1C346C8300ED4BC6 /* EmployerDetailViewController.swift in Sources */,
				7B573EF81C31F2C00032880D /* AppDelegate.swift in Sources */,
				7BB856281C346B1B00ED4BC6 /* EmployerListViewController.swift in Sources */,
				7BFC684A1C3544D900DFAC36 /* HistoryViewController.swift in Sources */,
				7B7EB9C11C3540EC00B43492 /* RecordsViewController.swift in Sources */,
			);
			runOnlyForDeploymentPostprocessing = 0;
		};
		7B573F061C31F2C00032880D /* Sources */ = {
			isa = PBXSourcesBuildPhase;
			buildActionMask = 2147483647;
			files = (
				7B573F0F1C31F2C00032880D /* H1_BTests.swift in Sources */,
			);
			runOnlyForDeploymentPostprocessing = 0;
		};
		7B573F111C31F2C00032880D /* Sources */ = {
			isa = PBXSourcesBuildPhase;
			buildActionMask = 2147483647;
			files = (
				7B573F1A1C31F2C00032880D /* H1_BUITests.swift in Sources */,
			);
			runOnlyForDeploymentPostprocessing = 0;
		};
/* End PBXSourcesBuildPhase section */

/* Begin PBXTargetDependency section */
		7B573F0C1C31F2C00032880D /* PBXTargetDependency */ = {
			isa = PBXTargetDependency;
			target = 7B573EF31C31F2C00032880D /* H1-B */;
			targetProxy = 7B573F0B1C31F2C00032880D /* PBXContainerItemProxy */;
		};
		7B573F171C31F2C00032880D /* PBXTargetDependency */ = {
			isa = PBXTargetDependency;
			target = 7B573EF31C31F2C00032880D /* H1-B */;
			targetProxy = 7B573F161C31F2C00032880D /* PBXContainerItemProxy */;
		};
/* End PBXTargetDependency section */

/* Begin PBXVariantGroup section */
		7B573EFD1C31F2C00032880D /* Main.storyboard */ = {
			isa = PBXVariantGroup;
			children = (
				7B573EFE1C31F2C00032880D /* Base */,
			);
			name = Main.storyboard;
			sourceTree = "<group>";
		};
		7B573F021C31F2C00032880D /* LaunchScreen.storyboard */ = {
			isa = PBXVariantGroup;
			children = (
				7B573F031C31F2C00032880D /* Base */,
			);
			name = LaunchScreen.storyboard;
			sourceTree = "<group>";
		};
/* End PBXVariantGroup section */

/* Begin XCBuildConfiguration section */
		7B573F1C1C31F2C00032880D /* Debug */ = {
			isa = XCBuildConfiguration;
			buildSettings = {
				ALWAYS_SEARCH_USER_PATHS = NO;
				CLANG_CXX_LANGUAGE_STANDARD = "gnu++0x";
				CLANG_CXX_LIBRARY = "libc++";
				CLANG_ENABLE_MODULES = YES;
				CLANG_ENABLE_OBJC_ARC = YES;
				CLANG_WARN_BOOL_CONVERSION = YES;
				CLANG_WARN_CONSTANT_CONVERSION = YES;
				CLANG_WARN_DIRECT_OBJC_ISA_USAGE = YES_ERROR;
				CLANG_WARN_EMPTY_BODY = YES;
				CLANG_WARN_ENUM_CONVERSION = YES;
				CLANG_WARN_INT_CONVERSION = YES;
				CLANG_WARN_OBJC_ROOT_CLASS = YES_ERROR;
				CLANG_WARN_UNREACHABLE_CODE = YES;
				CLANG_WARN__DUPLICATE_METHOD_MATCH = YES;
				"CODE_SIGN_IDENTITY[sdk=iphoneos*]" = "iPhone Developer";
				COPY_PHASE_STRIP = NO;
				DEBUG_INFORMATION_FORMAT = dwarf;
				ENABLE_STRICT_OBJC_MSGSEND = YES;
				ENABLE_TESTABILITY = YES;
				GCC_C_LANGUAGE_STANDARD = gnu99;
				GCC_DYNAMIC_NO_PIC = NO;
				GCC_NO_COMMON_BLOCKS = YES;
				GCC_OPTIMIZATION_LEVEL = 0;
				GCC_PREPROCESSOR_DEFINITIONS = (
					"DEBUG=1",
					"$(inherited)",
				);
				GCC_WARN_64_TO_32_BIT_CONVERSION = YES;
				GCC_WARN_ABOUT_RETURN_TYPE = YES_ERROR;
				GCC_WARN_UNDECLARED_SELECTOR = YES;
				GCC_WARN_UNINITIALIZED_AUTOS = YES_AGGRESSIVE;
				GCC_WARN_UNUSED_FUNCTION = YES;
				GCC_WARN_UNUSED_VARIABLE = YES;
				IPHONEOS_DEPLOYMENT_TARGET = 9.2;
				MTL_ENABLE_DEBUG_INFO = YES;
				ONLY_ACTIVE_ARCH = YES;
				SDKROOT = iphoneos;
				SWIFT_OPTIMIZATION_LEVEL = "-Onone";
			};
			name = Debug;
		};
		7B573F1D1C31F2C00032880D /* Release */ = {
			isa = XCBuildConfiguration;
			buildSettings = {
				ALWAYS_SEARCH_USER_PATHS = NO;
				CLANG_CXX_LANGUAGE_STANDARD = "gnu++0x";
				CLANG_CXX_LIBRARY = "libc++";
				CLANG_ENABLE_MODULES = YES;
				CLANG_ENABLE_OBJC_ARC = YES;
				CLANG_WARN_BOOL_CONVERSION = YES;
				CLANG_WARN_CONSTANT_CONVERSION = YES;
				CLANG_WARN_DIRECT_OBJC_ISA_USAGE = YES_ERROR;
				CLANG_WARN_EMPTY_BODY = YES;
				CLANG_WARN_ENUM_CONVERSION = YES;
				CLANG_WARN_INT_CONVERSION = YES;
				CLANG_WARN_OBJC_ROOT_CLASS = YES_ERROR;
				CLANG_WARN_UNREACHABLE_CODE = YES;
				CLANG_WARN__DUPLICATE_METHOD_MATCH = YES;
				"CODE_SIGN_IDENTITY[sdk=iphoneos*]" = "iPhone Developer";
				COPY_PHASE_STRIP = NO;
				DEBUG_INFORMATION_FORMAT = "dwarf-with-dsym";
				ENABLE_NS_ASSERTIONS = NO;
				ENABLE_STRICT_OBJC_MSGSEND = YES;
				GCC_C_LANGUAGE_STANDARD = gnu99;
				GCC_NO_COMMON_BLOCKS = YES;
				GCC_WARN_64_TO_32_BIT_CONVERSION = YES;
				GCC_WARN_ABOUT_RETURN_TYPE = YES_ERROR;
				GCC_WARN_UNDECLARED_SELECTOR = YES;
				GCC_WARN_UNINITIALIZED_AUTOS = YES_AGGRESSIVE;
				GCC_WARN_UNUSED_FUNCTION = YES;
				GCC_WARN_UNUSED_VARIABLE = YES;
				IPHONEOS_DEPLOYMENT_TARGET = 9.2;
				MTL_ENABLE_DEBUG_INFO = NO;
				SDKROOT = iphoneos;
				VALIDATE_PRODUCT = YES;
			};
			name = Release;
		};
		7B573F1F1C31F2C00032880D /* Debug */ = {
			isa = XCBuildConfiguration;
			buildSettings = {
				ASSETCATALOG_COMPILER_APPICON_NAME = AppIcon;
				INFOPLIST_FILE = "H1-B/Info.plist";
				LD_RUNPATH_SEARCH_PATHS = "$(inherited) @executable_path/Frameworks";
				PRODUCT_BUNDLE_IDENTIFIER = "Bond-Wong.H1-B";
				PRODUCT_NAME = "$(TARGET_NAME)";
			};
			name = Debug;
		};
		7B573F201C31F2C00032880D /* Release */ = {
			isa = XCBuildConfiguration;
			buildSettings = {
				ASSETCATALOG_COMPILER_APPICON_NAME = AppIcon;
				INFOPLIST_FILE = "H1-B/Info.plist";
				LD_RUNPATH_SEARCH_PATHS = "$(inherited) @executable_path/Frameworks";
				PRODUCT_BUNDLE_IDENTIFIER = "Bond-Wong.H1-B";
				PRODUCT_NAME = "$(TARGET_NAME)";
			};
			name = Release;
		};
		7B573F221C31F2C00032880D /* Debug */ = {
			isa = XCBuildConfiguration;
			buildSettings = {
				BUNDLE_LOADER = "$(TEST_HOST)";
				INFOPLIST_FILE = "H1-BTests/Info.plist";
				LD_RUNPATH_SEARCH_PATHS = "$(inherited) @executable_path/Frameworks @loader_path/Frameworks";
				PRODUCT_BUNDLE_IDENTIFIER = "Bond-Wong.H1-BTests";
				PRODUCT_NAME = "$(TARGET_NAME)";
				TEST_HOST = "$(BUILT_PRODUCTS_DIR)/H1-B.app/H1-B";
			};
			name = Debug;
		};
		7B573F231C31F2C00032880D /* Release */ = {
			isa = XCBuildConfiguration;
			buildSettings = {
				BUNDLE_LOADER = "$(TEST_HOST)";
				INFOPLIST_FILE = "H1-BTests/Info.plist";
				LD_RUNPATH_SEARCH_PATHS = "$(inherited) @executable_path/Frameworks @loader_path/Frameworks";
				PRODUCT_BUNDLE_IDENTIFIER = "Bond-Wong.H1-BTests";
				PRODUCT_NAME = "$(TARGET_NAME)";
				TEST_HOST = "$(BUILT_PRODUCTS_DIR)/H1-B.app/H1-B";
			};
			name = Release;
		};
		7B573F251C31F2C00032880D /* Debug */ = {
			isa = XCBuildConfiguration;
			buildSettings = {
				INFOPLIST_FILE = "H1-BUITests/Info.plist";
				LD_RUNPATH_SEARCH_PATHS = "$(inherited) @executable_path/Frameworks @loader_path/Frameworks";
				PRODUCT_BUNDLE_IDENTIFIER = "Bond-Wong.H1-BUITests";
				PRODUCT_NAME = "$(TARGET_NAME)";
				TEST_TARGET_NAME = "H1-B";
				USES_XCTRUNNER = YES;
			};
			name = Debug;
		};
		7B573F261C31F2C00032880D /* Release */ = {
			isa = XCBuildConfiguration;
			buildSettings = {
				INFOPLIST_FILE = "H1-BUITests/Info.plist";
				LD_RUNPATH_SEARCH_PATHS = "$(inherited) @executable_path/Frameworks @loader_path/Frameworks";
				PRODUCT_BUNDLE_IDENTIFIER = "Bond-Wong.H1-BUITests";
				PRODUCT_NAME = "$(TARGET_NAME)";
				TEST_TARGET_NAME = "H1-B";
				USES_XCTRUNNER = YES;
			};
			name = Release;
		};
/* End XCBuildConfiguration section */

/* Begin XCConfigurationList section */
		7B573EEF1C31F2C00032880D /* Build configuration list for PBXProject "H1-B" */ = {
			isa = XCConfigurationList;
			buildConfigurations = (
				7B573F1C1C31F2C00032880D /* Debug */,
				7B573F1D1C31F2C00032880D /* Release */,
			);
			defaultConfigurationIsVisible = 0;
			defaultConfigurationName = Release;
		};
		7B573F1E1C31F2C00032880D /* Build configuration list for PBXNativeTarget "H1-B" */ = {
			isa = XCConfigurationList;
			buildConfigurations = (
				7B573F1F1C31F2C00032880D /* Debug */,
				7B573F201C31F2C00032880D /* Release */,
			);
			defaultConfigurationIsVisible = 0;
			defaultConfigurationName = Release;
		};
		7B573F211C31F2C00032880D /* Build configuration list for PBXNativeTarget "H1-BTests" */ = {
			isa = XCConfigurationList;
			buildConfigurations = (
				7B573F221C31F2C00032880D /* Debug */,
				7B573F231C31F2C00032880D /* Release */,
			);
			defaultConfigurationIsVisible = 0;
			defaultConfigurationName = Release;
		};
		7B573F241C31F2C00032880D /* Build configuration list for PBXNativeTarget "H1-BUITests" */ = {
			isa = XCConfigurationList;
			buildConfigurations = (
				7B573F251C31F2C00032880D /* Debug */,
				7B573F261C31F2C00032880D /* Release */,
			);
			defaultConfigurationIsVisible = 0;
			defaultConfigurationName = Release;
		};
/* End XCConfigurationList section */
	};
	rootObject = 7B573EEC1C31F2C00032880D /* Project object */;
}
